
Microsoft Visual Studio Solution File, Format Version 12.00
# Visual Studio Version 16
VisualStudioVersion = 16.0.31702.278
MinimumVisualStudioVersion = 10.0.40219.1
Project("{FAE04EC0-301F-11D3-BF4B-00C04F79EFBC}") = "Lab01", "Lab01\Lab01.csproj", "{32162350-8C21-4EBA-9B6A-9ABAD92D2407}"
EndProject
Global
	GlobalSection(SolutionConfigurationPlatforms) = preSolution
		Debug|Any CPU = Debug|Any CPU
		Release|Any CPU = Release|Any CPU
	EndGlobalSection
	GlobalSection(ProjectConfigurationPlatforms) = postSolution
		{32162350-8C21-4EBA-9B6A-9ABAD92D2407}.Debug|Any CPU.ActiveCfg = Debug|Any CPU
		{32162350-8C21-4EBA-9B6A-9ABAD92D2407}.Debug|Any CPU.Build.0 = Debug|Any CPU
		{32162350-8C21-4EBA-9B6A-9ABAD92D2407}.Release|Any CPU.ActiveCfg = Release|Any CPU
		{32162350-8C21-4EBA-9B6A-9ABAD92D2407}.Release|Any CPU.Build.0 = Release|Any CPU
	EndGlobalSection
	GlobalSection(SolutionProperties) = preSolution
		HideSolutionNode = FALSE
	EndGlobalSection
	GlobalSection(ExtensibilityGlobals) = postSolution
		SolutionGuid = {494A946C-DEF7-47D6-B8DE-5CD91843D2BC}
	EndGlobalSection
EndGlobal
